// !$*UTF8*$!
{
	archiveVersion = 1;
	classes = {
	};
	objectVersion = 55;
	objects = {

/* Begin PBXBuildFile section */
		B34B07F1280206A40075F0A8 /* Tutor.xcassets in Resources */ = {isa = PBXBuildFile; fileRef = B34B07F0280206A40075F0A8 /* Tutor.xcassets */; };
		B354680F27D682E700DA3CCB /* TutorsApp.swift in Sources */ = {isa = PBXBuildFile; fileRef = B354680E27D682E700DA3CCB /* TutorsApp.swift */; };
		B354681127D682E700DA3CCB /* ContentView.swift in Sources */ = {isa = PBXBuildFile; fileRef = B354681027D682E700DA3CCB /* ContentView.swift */; };
		B354681327D682E800DA3CCB /* Assets.xcassets in Resources */ = {isa = PBXBuildFile; fileRef = B354681227D682E800DA3CCB /* Assets.xcassets */; };
		B354681627D682E800DA3CCB /* Preview Assets.xcassets in Resources */ = {isa = PBXBuildFile; fileRef = B354681527D682E800DA3CCB /* Preview Assets.xcassets */; };
		B354682027D682E800DA3CCB /* TutorsTests.swift in Sources */ = {isa = PBXBuildFile; fileRef = B354681F27D682E800DA3CCB /* TutorsTests.swift */; };
		B354682A27D682E800DA3CCB /* TutorsUITests.swift in Sources */ = {isa = PBXBuildFile; fileRef = B354682927D682E800DA3CCB /* TutorsUITests.swift */; };
		B354682C27D682E800DA3CCB /* TutorsUITestsLaunchTests.swift in Sources */ = {isa = PBXBuildFile; fileRef = B354682B27D682E800DA3CCB /* TutorsUITestsLaunchTests.swift */; };
		B354684727D69C8A00DA3CCB /* Tutor.swift in Sources */ = {isa = PBXBuildFile; fileRef = B354684627D69C8A00DA3CCB /* Tutor.swift */; };
		B354684827D69C8A00DA3CCB /* Tutor.swift in Sources */ = {isa = PBXBuildFile; fileRef = B354684627D69C8A00DA3CCB /* Tutor.swift */; };
		B354684927D69C8A00DA3CCB /* Tutor.swift in Sources */ = {isa = PBXBuildFile; fileRef = B354684627D69C8A00DA3CCB /* Tutor.swift */; };
		B3617B8F27D91EBD00368487 /* TutorDetail.swift in Sources */ = {isa = PBXBuildFile; fileRef = B3617B8E27D91EBD00368487 /* TutorDetail.swift */; };
/* End PBXBuildFile section */

/* Begin PBXContainerItemProxy section */
		B354681C27D682E800DA3CCB /* PBXContainerItemProxy */ = {
			isa = PBXContainerItemProxy;
			containerPortal = B354680327D682E700DA3CCB /* Project object */;
			proxyType = 1;
			remoteGlobalIDString = B354680A27D682E700DA3CCB;
			remoteInfo = Tutors;
		};
		B354682627D682E800DA3CCB /* PBXContainerItemProxy */ = {
			isa = PBXContainerItemProxy;
			containerPortal = B354680327D682E700DA3CCB /* Project object */;
			proxyType = 1;
			remoteGlobalIDString = B354680A27D682E700DA3CCB;
			remoteInfo = Tutors;
		};
/* End PBXContainerItemProxy section */

/* Begin PBXFileReference section */
		B34B07F0280206A40075F0A8 /* Tutor.xcassets */ = {isa = PBXFileReference; lastKnownFileType = folder.assetcatalog; path = Tutor.xcassets; sourceTree = "<group>"; };
		B354680B27D682E700DA3CCB /* Tutors.app */ = {isa = PBXFileReference; explicitFileType = wrapper.application; includeInIndex = 0; path = Tutors.app; sourceTree = BUILT_PRODUCTS_DIR; };
		B354680E27D682E700DA3CCB /* TutorsApp.swift */ = {isa = PBXFileReference; lastKnownFileType = sourcecode.swift; path = TutorsApp.swift; sourceTree = "<group>"; };
		B354681027D682E700DA3CCB /* ContentView.swift */ = {isa = PBXFileReference; indentWidth = 2; lastKnownFileType = sourcecode.swift; path = ContentView.swift; sourceTree = "<group>"; tabWidth = 3; usesTabs = 0; wrapsLines = 1; };
		B354681227D682E800DA3CCB /* Assets.xcassets */ = {isa = PBXFileReference; lastKnownFileType = folder.assetcatalog; path = Assets.xcassets; sourceTree = "<group>"; };
		B354681527D682E800DA3CCB /* Preview Assets.xcassets */ = {isa = PBXFileReference; lastKnownFileType = folder.assetcatalog; path = "Preview Assets.xcassets"; sourceTree = "<group>"; };
		B354681B27D682E800DA3CCB /* TutorsTests.xctest */ = {isa = PBXFileReference; explicitFileType = wrapper.cfbundle; includeInIndex = 0; path = TutorsTests.xctest; sourceTree = BUILT_PRODUCTS_DIR; };
		B354681F27D682E800DA3CCB /* TutorsTests.swift */ = {isa = PBXFileReference; lastKnownFileType = sourcecode.swift; path = TutorsTests.swift; sourceTree = "<group>"; };
		B354682527D682E800DA3CCB /* TutorsUITests.xctest */ = {isa = PBXFileReference; explicitFileType = wrapper.cfbundle; includeInIndex = 0; path = TutorsUITests.xctest; sourceTree = BUILT_PRODUCTS_DIR; };
		B354682927D682E800DA3CCB /* TutorsUITests.swift */ = {isa = PBXFileReference; lastKnownFileType = sourcecode.swift; path = TutorsUITests.swift; sourceTree = "<group>"; };
		B354682B27D682E800DA3CCB /* TutorsUITestsLaunchTests.swift */ = {isa = PBXFileReference; lastKnownFileType = sourcecode.swift; path = TutorsUITestsLaunchTests.swift; sourceTree = "<group>"; };
		B354684627D69C8A00DA3CCB /* Tutor.swift */ = {isa = PBXFileReference; fileEncoding = 4; lastKnownFileType = sourcecode.swift; path = Tutor.swift; sourceTree = "<group>"; };
		B3617B8E27D91EBD00368487 /* TutorDetail.swift */ = {isa = PBXFileReference; lastKnownFileType = sourcecode.swift; path = TutorDetail.swift; sourceTree = "<group>"; };
/* End PBXFileReference section */

/* Begin PBXFrameworksBuildPhase section */
		B354680827D682E700DA3CCB /* Frameworks */ = {
			isa = PBXFrameworksBuildPhase;
			buildActionMask = 2147483647;
			files = (
			);
			runOnlyForDeploymentPostprocessing = 0;
		};
		B354681827D682E800DA3CCB /* Frameworks */ = {
			isa = PBXFrameworksBuildPhase;
			buildActionMask = 2147483647;
			files = (
			);
			runOnlyForDeploymentPostprocessing = 0;
		};
		B354682227D682E800DA3CCB /* Frameworks */ = {
			isa = PBXFrameworksBuildPhase;
			buildActionMask = 2147483647;
			files = (
			);
			runOnlyForDeploymentPostprocessing = 0;
		};
/* End PBXFrameworksBuildPhase section */

/* Begin PBXGroup section */
		B354680227D682E700DA3CCB = {
			isa = PBXGroup;
			children = (
				B354680D27D682E700DA3CCB /* Tutors */,
				B354681E27D682E800DA3CCB /* TutorsTests */,
				B354682827D682E800DA3CCB /* TutorsUITests */,
				B354680C27D682E700DA3CCB /* Products */,
			);
			sourceTree = "<group>";
		};
		B354680C27D682E700DA3CCB /* Products */ = {
			isa = PBXGroup;
			children = (
				B354680B27D682E700DA3CCB /* Tutors.app */,
				B354681B27D682E800DA3CCB /* TutorsTests.xctest */,
				B354682527D682E800DA3CCB /* TutorsUITests.xctest */,
			);
			name = Products;
			sourceTree = "<group>";
		};
		B354680D27D682E700DA3CCB /* Tutors */ = {
			isa = PBXGroup;
			children = (
				B34B07F0280206A40075F0A8 /* Tutor.xcassets */,
				B354684627D69C8A00DA3CCB /* Tutor.swift */,
				B354680E27D682E700DA3CCB /* TutorsApp.swift */,
				B354681027D682E700DA3CCB /* ContentView.swift */,
				B3617B8E27D91EBD00368487 /* TutorDetail.swift */,
				B354681227D682E800DA3CCB /* Assets.xcassets */,
				B354681427D682E800DA3CCB /* Preview Content */,
			);
			path = Tutors;
			sourceTree = "<group>";
		};
		B354681427D682E800DA3CCB /* Preview Content */ = {
			isa = PBXGroup;
			children = (
				B354681527D682E800DA3CCB /* Preview Assets.xcassets */,
			);
			path = "Preview Content";
			sourceTree = "<group>";
		};
		B354681E27D682E800DA3CCB /* TutorsTests */ = {
			isa = PBXGroup;
			children = (
				B354681F27D682E800DA3CCB /* TutorsTests.swift */,
			);
			path = TutorsTests;
			sourceTree = "<group>";
		};
		B354682827D682E800DA3CCB /* TutorsUITests */ = {
			isa = PBXGroup;
			children = (
				B354682927D682E800DA3CCB /* TutorsUITests.swift */,
				B354682B27D682E800DA3CCB /* TutorsUITestsLaunchTests.swift */,
			);
			path = TutorsUITests;
			sourceTree = "<group>";
		};
/* End PBXGroup section */

/* Begin PBXNativeTarget section */
		B354680A27D682E700DA3CCB /* Tutors */ = {
			isa = PBXNativeTarget;
			buildConfigurationList = B354682F27D682E800DA3CCB /* Build configuration list for PBXNativeTarget "Tutors" */;
			buildPhases = (
				B354680727D682E700DA3CCB /* Sources */,
				B354680827D682E700DA3CCB /* Frameworks */,
				B354680927D682E700DA3CCB /* Resources */,
			);
			buildRules = (
			);
			dependencies = (
			);
			name = Tutors;
			productName = Tutors;
			productReference = B354680B27D682E700DA3CCB /* Tutors.app */;
			productType = "com.apple.product-type.application";
		};
		B354681A27D682E800DA3CCB /* TutorsTests */ = {
			isa = PBXNativeTarget;
			buildConfigurationList = B354683227D682E800DA3CCB /* Build configuration list for PBXNativeTarget "TutorsTests" */;
			buildPhases = (
				B354681727D682E800DA3CCB /* Sources */,
				B354681827D682E800DA3CCB /* Frameworks */,
				B354681927D682E800DA3CCB /* Resources */,
			);
			buildRules = (
			);
			dependencies = (
				B354681D27D682E800DA3CCB /* PBXTargetDependency */,
			);
			name = TutorsTests;
			productName = TutorsTests;
			productReference = B354681B27D682E800DA3CCB /* TutorsTests.xctest */;
			productType = "com.apple.product-type.bundle.unit-test";
		};
		B354682427D682E800DA3CCB /* TutorsUITests */ = {
			isa = PBXNativeTarget;
			buildConfigurationList = B354683527D682E800DA3CCB /* Build configuration list for PBXNativeTarget "TutorsUITests" */;
			buildPhases = (
				B354682127D682E800DA3CCB /* Sources */,
				B354682227D682E800DA3CCB /* Frameworks */,
				B354682327D682E800DA3CCB /* Resources */,
			);
			buildRules = (
			);
			dependencies = (
				B354682727D682E800DA3CCB /* PBXTargetDependency */,
			);
			name = TutorsUITests;
			productName = TutorsUITests;
			productReference = B354682527D682E800DA3CCB /* TutorsUITests.xctest */;
			productType = "com.apple.product-type.bundle.ui-testing";
		};
/* End PBXNativeTarget section */

/* Begin PBXProject section */
		B354680327D682E700DA3CCB /* Project object */ = {
			isa = PBXProject;
			attributes = {
				BuildIndependentTargetsInParallel = 1;
				LastSwiftUpdateCheck = 1320;
				LastUpgradeCheck = 1320;
				TargetAttributes = {
					B354680A27D682E700DA3CCB = {
						CreatedOnToolsVersion = 13.2.1;
					};
					B354681A27D682E800DA3CCB = {
						CreatedOnToolsVersion = 13.2.1;
						TestTargetID = B354680A27D682E700DA3CCB;
					};
					B354682427D682E800DA3CCB = {
						CreatedOnToolsVersion = 13.2.1;
						TestTargetID = B354680A27D682E700DA3CCB;
					};
				};
			};
			buildConfigurationList = B354680627D682E700DA3CCB /* Build configuration list for PBXProject "Tutors" */;
			compatibilityVersion = "Xcode 13.0";
			developmentRegion = en;
			hasScannedForEncodings = 0;
			knownRegions = (
				en,
				Base,
			);
			mainGroup = B354680227D682E700DA3CCB;
			productRefGroup = B354680C27D682E700DA3CCB /* Products */;
			projectDirPath = "";
			projectRoot = "";
			targets = (
				B354680A27D682E700DA3CCB /* Tutors */,
				B354681A27D682E800DA3CCB /* TutorsTests */,
				B354682427D682E800DA3CCB /* TutorsUITests */,
			);
		};
/* End PBXProject section */

/* Begin PBXResourcesBuildPhase section */
		B354680927D682E700DA3CCB /* Resources */ = {
			isa = PBXResourcesBuildPhase;
			buildActionMask = 2147483647;
			files = (
				B354681627D682E800DA3CCB /* Preview Assets.xcassets in Resources */,
				B354681327D682E800DA3CCB /* Assets.xcassets in Resources */,
				B34B07F1280206A40075F0A8 /* Tutor.xcassets in Resources */,
			);
			runOnlyForDeploymentPostprocessing = 0;
		};
		B354681927D682E800DA3CCB /* Resources */ = {
			isa = PBXResourcesBuildPhase;
			buildActionMask = 2147483647;
			files = (
			);
			runOnlyForDeploymentPostprocessing = 0;
		};
		B354682327D682E800DA3CCB /* Resources */ = {
			isa = PBXResourcesBuildPhase;
			buildActionMask = 2147483647;
			files = (
			);
			runOnlyForDeploymentPostprocessing = 0;
		};
/* End PBXResourcesBuildPhase section */

/* Begin PBXSourcesBuildPhase section */
		B354680727D682E700DA3CCB /* Sources */ = {
			isa = PBXSourcesBuildPhase;
			buildActionMask = 2147483647;
			files = (
				B354681127D682E700DA3CCB /* ContentView.swift in Sources */,
				B3617B8F27D91EBD00368487 /* TutorDetail.swift in Sources */,
				B354684727D69C8A00DA3CCB /* Tutor.swift in Sources */,
				B354680F27D682E700DA3CCB /* TutorsApp.swift in Sources */,
			);
			runOnlyForDeploymentPostprocessing = 0;
		};
		B354681727D682E800DA3CCB /* Sources */ = {
			isa = PBXSourcesBuildPhase;
			buildActionMask = 2147483647;
			files = (
				B354684827D69C8A00DA3CCB /* Tutor.swift in Sources */,
				B354682027D682E800DA3CCB /* TutorsTests.swift in Sources */,
			);
			runOnlyForDeploymentPostprocessing = 0;
		};
		B354682127D682E800DA3CCB /* Sources */ = {
			isa = PBXSourcesBuildPhase;
			buildActionMask = 2147483647;
			files = (
				B354682A27D682E800DA3CCB /* TutorsUITests.swift in Sources */,
				B354684927D69C8A00DA3CCB /* Tutor.swift in Sources */,
				B354682C27D682E800DA3CCB /* TutorsUITestsLaunchTests.swift in Sources */,
			);
			runOnlyForDeploymentPostprocessing = 0;
		};
/* End PBXSourcesBuildPhase section */

/* Begin PBXTargetDependency section */
		B354681D27D682E800DA3CCB /* PBXTargetDependency */ = {
			isa = PBXTargetDependency;
			target = B354680A27D682E700DA3CCB /* Tutors */;
			targetProxy = B354681C27D682E800DA3CCB /* PBXContainerItemProxy */;
		};
		B354682727D682E800DA3CCB /* PBXTargetDependency */ = {
			isa = PBXTargetDependency;
			target = B354680A27D682E700DA3CCB /* Tutors */;
			targetProxy = B354682627D682E800DA3CCB /* PBXContainerItemProxy */;
		};
/* End PBXTargetDependency section */

/* Begin XCBuildConfiguration section */
		B354682D27D682E800DA3CCB /* Debug */ = {
			isa = XCBuildConfiguration;
			buildSettings = {
				ALWAYS_SEARCH_USER_PATHS = NO;
				CLANG_ANALYZER_NONNULL = YES;
				CLANG_ANALYZER_NUMBER_OBJECT_CONVERSION = YES_AGGRESSIVE;
				CLANG_CXX_LANGUAGE_STANDARD = "gnu++17";
				CLANG_CXX_LIBRARY = "libc++";
				CLANG_ENABLE_MODULES = YES;
				CLANG_ENABLE_OBJC_ARC = YES;
				CLANG_ENABLE_OBJC_WEAK = YES;
				CLANG_WARN_BLOCK_CAPTURE_AUTORELEASING = YES;
				CLANG_WARN_BOOL_CONVERSION = YES;
				CLANG_WARN_COMMA = YES;
				CLANG_WARN_CONSTANT_CONVERSION = YES;
				CLANG_WARN_DEPRECATED_OBJC_IMPLEMENTATIONS = YES;
				CLANG_WARN_DIRECT_OBJC_ISA_USAGE = YES_ERROR;
				CLANG_WARN_DOCUMENTATION_COMMENTS = YES;
				CLANG_WARN_EMPTY_BODY = YES;
				CLANG_WARN_ENUM_CONVERSION = YES;
				CLANG_WARN_INFINITE_RECURSION = YES;
				CLANG_WARN_INT_CONVERSION = YES;
				CLANG_WARN_NON_LITERAL_NULL_CONVERSION = YES;
				CLANG_WARN_OBJC_IMPLICIT_RETAIN_SELF = YES;
				CLANG_WARN_OBJC_LITERAL_CONVERSION = YES;
				CLANG_WARN_OBJC_ROOT_CLASS = YES_ERROR;
				CLANG_WARN_QUOTED_INCLUDE_IN_FRAMEWORK_HEADER = YES;
				CLANG_WARN_RANGE_LOOP_ANALYSIS = YES;
				CLANG_WARN_STRICT_PROTOTYPES = YES;
				CLANG_WARN_SUSPICIOUS_MOVE = YES;
				CLANG_WARN_UNGUARDED_AVAILABILITY = YES_AGGRESSIVE;
				CLANG_WARN_UNREACHABLE_CODE = YES;
				CLANG_WARN__DUPLICATE_METHOD_MATCH = YES;
				COPY_PHASE_STRIP = NO;
				DEBUG_INFORMATION_FORMAT = dwarf;
				ENABLE_STRICT_OBJC_MSGSEND = YES;
				ENABLE_TESTABILITY = YES;
				GCC_C_LANGUAGE_STANDARD = gnu11;
				GCC_DYNAMIC_NO_PIC = NO;
				GCC_NO_COMMON_BLOCKS = YES;
				GCC_OPTIMIZATION_LEVEL = 0;
				GCC_PREPROCESSOR_DEFINITIONS = (
					"DEBUG=1",
					"$(inherited)",
				);
				GCC_WARN_64_TO_32_BIT_CONVERSION = YES;
				GCC_WARN_ABOUT_RETURN_TYPE = YES_ERROR;
				GCC_WARN_UNDECLARED_SELECTOR = YES;
				GCC_WARN_UNINITIALIZED_AUTOS = YES_AGGRESSIVE;
				GCC_WARN_UNUSED_FUNCTION = YES;
				GCC_WARN_UNUSED_VARIABLE = YES;
				IPHONEOS_DEPLOYMENT_TARGET = 15.2;
				MTL_ENABLE_DEBUG_INFO = INCLUDE_SOURCE;
				MTL_FAST_MATH = YES;
				ONLY_ACTIVE_ARCH = YES;
				SDKROOT = iphoneos;
				SWIFT_ACTIVE_COMPILATION_CONDITIONS = DEBUG;
				SWIFT_OPTIMIZATION_LEVEL = "-Onone";
			};
			name = Debug;
		};
		B354682E27D682E800DA3CCB /* Release */ = {
			isa = XCBuildConfiguration;
			buildSettings = {
				ALWAYS_SEARCH_USER_PATHS = NO;
				CLANG_ANALYZER_NONNULL = YES;
				CLANG_ANALYZER_NUMBER_OBJECT_CONVERSION = YES_AGGRESSIVE;
				CLANG_CXX_LANGUAGE_STANDARD = "gnu++17";
				CLANG_CXX_LIBRARY = "libc++";
				CLANG_ENABLE_MODULES = YES;
				CLANG_ENABLE_OBJC_ARC = YES;
				CLANG_ENABLE_OBJC_WEAK = YES;
				CLANG_WARN_BLOCK_CAPTURE_AUTORELEASING = YES;
				CLANG_WARN_BOOL_CONVERSION = YES;
				CLANG_WARN_COMMA = YES;
				CLANG_WARN_CONSTANT_CONVERSION = YES;
				CLANG_WARN_DEPRECATED_OBJC_IMPLEMENTATIONS = YES;
				CLANG_WARN_DIRECT_OBJC_ISA_USAGE = YES_ERROR;
				CLANG_WARN_DOCUMENTATION_COMMENTS = YES;
				CLANG_WARN_EMPTY_BODY = YES;
				CLANG_WARN_ENUM_CONVERSION = YES;
				CLANG_WARN_INFINITE_RECURSION = YES;
				CLANG_WARN_INT_CONVERSION = YES;
				CLANG_WARN_NON_LITERAL_NULL_CONVERSION = YES;
				CLANG_WARN_OBJC_IMPLICIT_RETAIN_SELF = YES;
				CLANG_WARN_OBJC_LITERAL_CONVERSION = YES;
				CLANG_WARN_OBJC_ROOT_CLASS = YES_ERROR;
				CLANG_WARN_QUOTED_INCLUDE_IN_FRAMEWORK_HEADER = YES;
				CLANG_WARN_RANGE_LOOP_ANALYSIS = YES;
				CLANG_WARN_STRICT_PROTOTYPES = YES;
				CLANG_WARN_SUSPICIOUS_MOVE = YES;
				CLANG_WARN_UNGUARDED_AVAILABILITY = YES_AGGRESSIVE;
				CLANG_WARN_UNREACHABLE_CODE = YES;
				CLANG_WARN__DUPLICATE_METHOD_MATCH = YES;
				COPY_PHASE_STRIP = NO;
				DEBUG_INFORMATION_FORMAT = "dwarf-with-dsym";
				ENABLE_NS_ASSERTIONS = NO;
				ENABLE_STRICT_OBJC_MSGSEND = YES;
				GCC_C_LANGUAGE_STANDARD = gnu11;
				GCC_NO_COMMON_BLOCKS = YES;
				GCC_WARN_64_TO_32_BIT_CONVERSION = YES;
				GCC_WARN_ABOUT_RETURN_TYPE = YES_ERROR;
				GCC_WARN_UNDECLARED_SELECTOR = YES;
				GCC_WARN_UNINITIALIZED_AUTOS = YES_AGGRESSIVE;
				GCC_WARN_UNUSED_FUNCTION = YES;
				GCC_WARN_UNUSED_VARIABLE = YES;
				IPHONEOS_DEPLOYMENT_TARGET = 15.2;
				MTL_ENABLE_DEBUG_INFO = NO;
				MTL_FAST_MATH = YES;
				SDKROOT = iphoneos;
				SWIFT_COMPILATION_MODE = wholemodule;
				SWIFT_OPTIMIZATION_LEVEL = "-O";
				VALIDATE_PRODUCT = YES;
			};
			name = Release;
		};
		B354683027D682E800DA3CCB /* Debug */ = {
			isa = XCBuildConfiguration;
			buildSettings = {
				ASSETCATALOG_COMPILER_APPICON_NAME = AppIcon;
				ASSETCATALOG_COMPILER_GLOBAL_ACCENT_COLOR_NAME = AccentColor;
				CODE_SIGN_STYLE = Automatic;
				CURRENT_PROJECT_VERSION = 1;
				DEVELOPMENT_ASSET_PATHS = "\"Tutors/Preview Content\"";
				DEVELOPMENT_TEAM = RTAU2H86XB;
				ENABLE_PREVIEWS = YES;
				GENERATE_INFOPLIST_FILE = YES;
				INFOPLIST_KEY_UIApplicationSceneManifest_Generation = YES;
				INFOPLIST_KEY_UIApplicationSupportsIndirectInputEvents = YES;
				INFOPLIST_KEY_UILaunchScreen_Generation = YES;
				INFOPLIST_KEY_UISupportedInterfaceOrientations_iPad = "UIInterfaceOrientationPortrait UIInterfaceOrientationPortraitUpsideDown UIInterfaceOrientationLandscapeLeft UIInterfaceOrientationLandscapeRight";
				INFOPLIST_KEY_UISupportedInterfaceOrientations_iPhone = "UIInterfaceOrientationPortrait UIInterfaceOrientationLandscapeLeft UIInterfaceOrientationLandscapeRight";
				LD_RUNPATH_SEARCH_PATHS = (
					"$(inherited)",
					"@executable_path/Frameworks",
				);
				MARKETING_VERSION = 1.0;
				PRODUCT_BUNDLE_IDENTIFIER = makarstasia.Tutors;
				PRODUCT_NAME = "$(TARGET_NAME)";
				SWIFT_EMIT_LOC_STRINGS = YES;
				SWIFT_VERSION = 5.0;
				TARGETED_DEVICE_FAMILY = "1,2";
			};
			name = Debug;
		};
		B354683127D682E800DA3CCB /* Release */ = {
			isa = XCBuildConfiguration;
			buildSettings = {
				ASSETCATALOG_COMPILER_APPICON_NAME = AppIcon;
				ASSETCATALOG_COMPILER_GLOBAL_ACCENT_COLOR_NAME = AccentColor;
				CODE_SIGN_STYLE = Automatic;
				CURRENT_PROJECT_VERSION = 1;
				DEVELOPMENT_ASSET_PATHS = "\"Tutors/Preview Content\"";
				DEVELOPMENT_TEAM = RTAU2H86XB;
				ENABLE_PREVIEWS = YES;
				GENERATE_INFOPLIST_FILE = YES;
				INFOPLIST_KEY_UIApplicationSceneManifest_Generation = YES;
				INFOPLIST_KEY_UIApplicationSupportsIndirectInputEvents = YES;
				INFOPLIST_KEY_UILaunchScreen_Generation = YES;
				INFOPLIST_KEY_UISupportedInterfaceOrientations_iPad = "UIInterfaceOrientationPortrait UIInterfaceOrientationPortraitUpsideDown UIInterfaceOrientationLandscapeLeft UIInterfaceOrientationLandscapeRight";
				INFOPLIST_KEY_UISupportedInterfaceOrientations_iPhone = "UIInterfaceOrientationPortrait UIInterfaceOrientationLandscapeLeft UIInterfaceOrientationLandscapeRight";
				LD_RUNPATH_SEARCH_PATHS = (
					"$(inherited)",
					"@executable_path/Frameworks",
				);
				MARKETING_VERSION = 1.0;
				PRODUCT_BUNDLE_IDENTIFIER = makarstasia.Tutors;
				PRODUCT_NAME = "$(TARGET_NAME)";
				SWIFT_EMIT_LOC_STRINGS = YES;
				SWIFT_VERSION = 5.0;
				TARGETED_DEVICE_FAMILY = "1,2";
			};
			name = Release;
		};
		B354683327D682E800DA3CCB /* Debug */ = {
			isa = XCBuildConfiguration;
			buildSettings = {
				ALWAYS_EMBED_SWIFT_STANDARD_LIBRARIES = YES;
				BUNDLE_LOADER = "$(TEST_HOST)";
				CODE_SIGN_STYLE = Automatic;
				CURRENT_PROJECT_VERSION = 1;
				DEVELOPMENT_TEAM = RTAU2H86XB;
				GENERATE_INFOPLIST_FILE = YES;
				IPHONEOS_DEPLOYMENT_TARGET = 15.2;
				MARKETING_VERSION = 1.0;
				PRODUCT_BUNDLE_IDENTIFIER = makarstasia.TutorsTests;
				PRODUCT_NAME = "$(TARGET_NAME)";
				SWIFT_EMIT_LOC_STRINGS = NO;
				SWIFT_VERSION = 5.0;
				TARGETED_DEVICE_FAMILY = "1,2";
				TEST_HOST = "$(BUILT_PRODUCTS_DIR)/Tutors.app/Tutors";
			};
			name = Debug;
		};
		B354683427D682E800DA3CCB /* Release */ = {
			isa = XCBuildConfiguration;
			buildSettings = {
				ALWAYS_EMBED_SWIFT_STANDARD_LIBRARIES = YES;
				BUNDLE_LOADER = "$(TEST_HOST)";
				CODE_SIGN_STYLE = Automatic;
				CURRENT_PROJECT_VERSION = 1;
				DEVELOPMENT_TEAM = RTAU2H86XB;
				GENERATE_INFOPLIST_FILE = YES;
				IPHONEOS_DEPLOYMENT_TARGET = 15.2;
				MARKETING_VERSION = 1.0;
				PRODUCT_BUNDLE_IDENTIFIER = makarstasia.TutorsTests;
				PRODUCT_NAME = "$(TARGET_NAME)";
				SWIFT_EMIT_LOC_STRINGS = NO;
				SWIFT_VERSION = 5.0;
				TARGETED_DEVICE_FAMILY = "1,2";
				TEST_HOST = "$(BUILT_PRODUCTS_DIR)/Tutors.app/Tutors";
			};
			name = Release;
		};
		B354683627D682E800DA3CCB /* Debug */ = {
			isa = XCBuildConfiguration;
			buildSettings = {
				ALWAYS_EMBED_SWIFT_STANDARD_LIBRARIES = YES;
				CODE_SIGN_STYLE = Automatic;
				CURRENT_PROJECT_VERSION = 1;
				DEVELOPMENT_TEAM = RTAU2H86XB;
				GENERATE_INFOPLIST_FILE = YES;
				MARKETING_VERSION = 1.0;
				PRODUCT_BUNDLE_IDENTIFIER = makarstasia.TutorsUITests;
				PRODUCT_NAME = "$(TARGET_NAME)";
				SWIFT_EMIT_LOC_STRINGS = NO;
				SWIFT_VERSION = 5.0;
				TARGETED_DEVICE_FAMILY = "1,2";
				TEST_TARGET_NAME = Tutors;
			};
			name = Debug;
		};
		B354683727D682E800DA3CCB /* Release */ = {
			isa = XCBuildConfiguration;
			buildSettings = {
				ALWAYS_EMBED_SWIFT_STANDARD_LIBRARIES = YES;
				CODE_SIGN_STYLE = Automatic;
				CURRENT_PROJECT_VERSION = 1;
				DEVELOPMENT_TEAM = RTAU2H86XB;
				GENERATE_INFOPLIST_FILE = YES;
				MARKETING_VERSION = 1.0;
				PRODUCT_BUNDLE_IDENTIFIER = makarstasia.TutorsUITests;
				PRODUCT_NAME = "$(TARGET_NAME)";
				SWIFT_EMIT_LOC_STRINGS = NO;
				SWIFT_VERSION = 5.0;
				TARGETED_DEVICE_FAMILY = "1,2";
				TEST_TARGET_NAME = Tutors;
			};
			name = Release;
		};
/* End XCBuildConfiguration section */

/* Begin XCConfigurationList section */
		B354680627D682E700DA3CCB /* Build configuration list for PBXProject "Tutors" */ = {
			isa = XCConfigurationList;
			buildConfigurations = (
				B354682D27D682E800DA3CCB /* Debug */,
				B354682E27D682E800DA3CCB /* Release */,
			);
			defaultConfigurationIsVisible = 0;
			defaultConfigurationName = Release;
		};
		B354682F27D682E800DA3CCB /* Build configuration list for PBXNativeTarget "Tutors" */ = {
			isa = XCConfigurationList;
			buildConfigurations = (
				B354683027D682E800DA3CCB /* Debug */,
				B354683127D682E800DA3CCB /* Release */,
			);
			defaultConfigurationIsVisible = 0;
			defaultConfigurationName = Release;
		};
		B354683227D682E800DA3CCB /* Build configuration list for PBXNativeTarget "TutorsTests" */ = {
			isa = XCConfigurationList;
			buildConfigurations = (
				B354683327D682E800DA3CCB /* Debug */,
				B354683427D682E800DA3CCB /* Release */,
			);
			defaultConfigurationIsVisible = 0;
			defaultConfigurationName = Release;
		};
		B354683527D682E800DA3CCB /* Build configuration list for PBXNativeTarget "TutorsUITests" */ = {
			isa = XCConfigurationList;
			buildConfigurations = (
				B354683627D682E800DA3CCB /* Debug */,
				B354683727D682E800DA3CCB /* Release */,
			);
			defaultConfigurationIsVisible = 0;
			defaultConfigurationName = Release;
		};
/* End XCConfigurationList section */
	};
	rootObject = B354680327D682E700DA3CCB /* Project object */;
}
